
Microsoft Visual Studio Solution File, Format Version 12.00
# Visual Studio Version 16
VisualStudioVersion = 16.0.30114.105
MinimumVisualStudioVersion = 10.0.40219.1
Project("{FAE04EC0-301F-11D3-BF4B-00C04F79EFBC}") = "MyShop.Services", "MyShop.Services\MyShop.Services.csproj", "{67BD88E6-D5A1-401C-AF2B-BCCD11AAC4B6}"
EndProject
Project("{FAE04EC0-301F-11D3-BF4B-00C04F79EFBC}") = "MyShop.DataAccess.SQL", "MyShop.DataAccess.SQL\MyShop.DataAccess.SQL.csproj", "{467EDD49-DD3D-4A59-A89C-DFDF600B009A}"
EndProject
Project("{FAE04EC0-301F-11D3-BF4B-00C04F79EFBC}") = "MyShop.DataAccess.InMemory", "MyShop.DataAccess.InMemory\MyShop.DataAccess.InMemory.csproj", "{98D95479-F1B6-4A65-8C18-7E034A7899EC}"
EndProject
Project("{FAE04EC0-301F-11D3-BF4B-00C04F79EFBC}") = "MyShop.Core", "MyShop.Core\MyShop.Core.csproj", "{93C019D9-C17C-4C27-A5A4-F8013AD8A95F}"
EndProject
Project("{FAE04EC0-301F-11D3-BF4B-00C04F79EFBC}") = "MyShope.WebUI", "MyShop.WebUI\MyShope.WebUI.csproj", "{023741A0-6B38-4511-B59A-FCB8F54B87C7}"
EndProject
Project("{FAE04EC0-301F-11D3-BF4B-00C04F79EFBC}") = "MyShope.WebUI.Tests", "MyShop.WebUI.Tests\MyShope.WebUI.Tests.csproj", "{096DB911-5A08-4718-A5D2-5F789B352A95}"
EndProject
Global
	GlobalSection(SolutionConfigurationPlatforms) = preSolution
		Debug|Any CPU = Debug|Any CPU
		Release|Any CPU = Release|Any CPU
	EndGlobalSection
	GlobalSection(ProjectConfigurationPlatforms) = postSolution
		{67BD88E6-D5A1-401C-AF2B-BCCD11AAC4B6}.Debug|Any CPU.ActiveCfg = Debug|Any CPU
		{67BD88E6-D5A1-401C-AF2B-BCCD11AAC4B6}.Debug|Any CPU.Build.0 = Debug|Any CPU
		{67BD88E6-D5A1-401C-AF2B-BCCD11AAC4B6}.Release|Any CPU.ActiveCfg = Release|Any CPU
		{67BD88E6-D5A1-401C-AF2B-BCCD11AAC4B6}.Release|Any CPU.Build.0 = Release|Any CPU
		{467EDD49-DD3D-4A59-A89C-DFDF600B009A}.Debug|Any CPU.ActiveCfg = Debug|Any CPU
		{467EDD49-DD3D-4A59-A89C-DFDF600B009A}.Debug|Any CPU.Build.0 = Debug|Any CPU
		{467EDD49-DD3D-4A59-A89C-DFDF600B009A}.Release|Any CPU.ActiveCfg = Release|Any CPU
		{467EDD49-DD3D-4A59-A89C-DFDF600B009A}.Release|Any CPU.Build.0 = Release|Any CPU
		{98D95479-F1B6-4A65-8C18-7E034A7899EC}.Debug|Any CPU.ActiveCfg = Debug|Any CPU
		{98D95479-F1B6-4A65-8C18-7E034A7899EC}.Debug|Any CPU.Build.0 = Debug|Any CPU
		{98D95479-F1B6-4A65-8C18-7E034A7899EC}.Release|Any CPU.ActiveCfg = Release|Any CPU
		{98D95479-F1B6-4A65-8C18-7E034A7899EC}.Release|Any CPU.Build.0 = Release|Any CPU
		{93C019D9-C17C-4C27-A5A4-F8013AD8A95F}.Debug|Any CPU.ActiveCfg = Debug|Any CPU
		{93C019D9-C17C-4C27-A5A4-F8013AD8A95F}.Debug|Any CPU.Build.0 = Debug|Any CPU
		{93C019D9-C17C-4C27-A5A4-F8013AD8A95F}.Release|Any CPU.ActiveCfg = Release|Any CPU
		{93C019D9-C17C-4C27-A5A4-F8013AD8A95F}.Release|Any CPU.Build.0 = Release|Any CPU
		{023741A0-6B38-4511-B59A-FCB8F54B87C7}.Debug|Any CPU.ActiveCfg = Debug|Any CPU
		{023741A0-6B38-4511-B59A-FCB8F54B87C7}.Debug|Any CPU.Build.0 = Debug|Any CPU
		{023741A0-6B38-4511-B59A-FCB8F54B87C7}.Release|Any CPU.ActiveCfg = Release|Any CPU
		{023741A0-6B38-4511-B59A-FCB8F54B87C7}.Release|Any CPU.Build.0 = Release|Any CPU
		{096DB911-5A08-4718-A5D2-5F789B352A95}.Debug|Any CPU.ActiveCfg = Debug|Any CPU
		{096DB911-5A08-4718-A5D2-5F789B352A95}.Debug|Any CPU.Build.0 = Debug|Any CPU
		{096DB911-5A08-4718-A5D2-5F789B352A95}.Release|Any CPU.ActiveCfg = Release|Any CPU
		{096DB911-5A08-4718-A5D2-5F789B352A95}.Release|Any CPU.Build.0 = Release|Any CPU
	EndGlobalSection
	GlobalSection(SolutionProperties) = preSolution
		HideSolutionNode = FALSE
	EndGlobalSection
	GlobalSection(ExtensibilityGlobals) = postSolution
		SolutionGuid = {03A5935E-3AC7-4C39-9A84-FD7E9D2A3689}
	EndGlobalSection
EndGlobal
